
Microsoft Visual Studio Solution File, Format Version 12.00
# Visual Studio Version 16
VisualStudioVersion = 16.0.30804.86
MinimumVisualStudioVersion = 10.0.40219.1
Project("{FAE04EC0-301F-11D3-BF4B-00C04F79EFBC}") = "JenkinsTestWebApp", "JenkinsTestWebApp\JenkinsTestWebApp.csproj", "{2208BB07-B9D4-4206-B9EB-2B35EA8228C9}"
EndProject
Global
	GlobalSection(SolutionConfigurationPlatforms) = preSolution
		Debug|Any CPU = Debug|Any CPU
		Release|Any CPU = Release|Any CPU
	EndGlobalSection
	GlobalSection(ProjectConfigurationPlatforms) = postSolution
		{2208BB07-B9D4-4206-B9EB-2B35EA8228C9}.Debug|Any CPU.ActiveCfg = Debug|Any CPU
		{2208BB07-B9D4-4206-B9EB-2B35EA8228C9}.Debug|Any CPU.Build.0 = Debug|Any CPU
		{2208BB07-B9D4-4206-B9EB-2B35EA8228C9}.Release|Any CPU.ActiveCfg = Release|Any CPU
		{2208BB07-B9D4-4206-B9EB-2B35EA8228C9}.Release|Any CPU.Build.0 = Release|Any CPU
	EndGlobalSection
	GlobalSection(SolutionProperties) = preSolution
		HideSolutionNode = FALSE
	EndGlobalSection
	GlobalSection(ExtensibilityGlobals) = postSolution
		SolutionGuid = {D70F5131-D8F8-4EE5-BC70-DF2956D586A0}
	EndGlobalSection
EndGlobal
